
Microsoft Visual Studio Solution File, Format Version 12.00
# Visual Studio Version 16
VisualStudioVersion = 16.0.31424.327
MinimumVisualStudioVersion = 10.0.40219.1
Project("{9A19103F-16F7-4668-BE54-9A1E7A4F7556}") = "Paxi.GraphQL.Demo.Offer.Api", "Paxi.GraphQL.Demo.Offer.Api\Paxi.GraphQL.Demo.Offer.Api.csproj", "{3B2F1192-B416-4349-AC9C-7ADE3E0AE87F}"
EndProject
Project("{FAE04EC0-301F-11D3-BF4B-00C04F79EFBC}") = "Paxi.GraphQL.Demo.Offer.Domain", "Paxi.GraphQL.Demo.Offer.Domain\Paxi.GraphQL.Demo.Offer.Domain.csproj", "{70AF7D76-83B3-46C8-91EC-AAA74E91877C}"
EndProject
Project("{FAE04EC0-301F-11D3-BF4B-00C04F79EFBC}") = "Paxi.GraphQL.Demo.Offer.Services", "Paxi.GraphQL.Demo.Offer.Services\Paxi.GraphQL.Demo.Offer.Services.csproj", "{7C397DBA-8D95-42B1-91A5-535BB49B4432}"
EndProject
Global
	GlobalSection(SolutionConfigurationPlatforms) = preSolution
		Debug|Any CPU = Debug|Any CPU
		Release|Any CPU = Release|Any CPU
	EndGlobalSection
	GlobalSection(ProjectConfigurationPlatforms) = postSolution
		{3B2F1192-B416-4349-AC9C-7ADE3E0AE87F}.Debug|Any CPU.ActiveCfg = Debug|Any CPU
		{3B2F1192-B416-4349-AC9C-7ADE3E0AE87F}.Debug|Any CPU.Build.0 = Debug|Any CPU
		{3B2F1192-B416-4349-AC9C-7ADE3E0AE87F}.Release|Any CPU.ActiveCfg = Release|Any CPU
		{3B2F1192-B416-4349-AC9C-7ADE3E0AE87F}.Release|Any CPU.Build.0 = Release|Any CPU
		{70AF7D76-83B3-46C8-91EC-AAA74E91877C}.Debug|Any CPU.ActiveCfg = Debug|Any CPU
		{70AF7D76-83B3-46C8-91EC-AAA74E91877C}.Debug|Any CPU.Build.0 = Debug|Any CPU
		{70AF7D76-83B3-46C8-91EC-AAA74E91877C}.Release|Any CPU.ActiveCfg = Release|Any CPU
		{70AF7D76-83B3-46C8-91EC-AAA74E91877C}.Release|Any CPU.Build.0 = Release|Any CPU
		{7C397DBA-8D95-42B1-91A5-535BB49B4432}.Debug|Any CPU.ActiveCfg = Debug|Any CPU
		{7C397DBA-8D95-42B1-91A5-535BB49B4432}.Debug|Any CPU.Build.0 = Debug|Any CPU
		{7C397DBA-8D95-42B1-91A5-535BB49B4432}.Release|Any CPU.ActiveCfg = Release|Any CPU
		{7C397DBA-8D95-42B1-91A5-535BB49B4432}.Release|Any CPU.Build.0 = Release|Any CPU
	EndGlobalSection
	GlobalSection(SolutionProperties) = preSolution
		HideSolutionNode = FALSE
	EndGlobalSection
	GlobalSection(ExtensibilityGlobals) = postSolution
		SolutionGuid = {6D102004-8A01-4636-80DE-A630CA79D3C6}
	EndGlobalSection
EndGlobal
